
Microsoft Visual Studio Solution File, Format Version 12.00
# Visual Studio Version 17
VisualStudioVersion = 17.2.32519.379
MinimumVisualStudioVersion = 10.0.40219.1
Project("{FAE04EC0-301F-11D3-BF4B-00C04F79EFBC}") = "MyFriendsListApp", "MyFriendsListApp\MyFriendsListApp.csproj", "{215CCBA1-358D-4590-85B1-4C82C6C631E9}"
EndProject
Global
	GlobalSection(SolutionConfigurationPlatforms) = preSolution
		Debug|Any CPU = Debug|Any CPU
		Release|Any CPU = Release|Any CPU
	EndGlobalSection
	GlobalSection(ProjectConfigurationPlatforms) = postSolution
		{215CCBA1-358D-4590-85B1-4C82C6C631E9}.Debug|Any CPU.ActiveCfg = Debug|Any CPU
		{215CCBA1-358D-4590-85B1-4C82C6C631E9}.Debug|Any CPU.Build.0 = Debug|Any CPU
		{215CCBA1-358D-4590-85B1-4C82C6C631E9}.Release|Any CPU.ActiveCfg = Release|Any CPU
		{215CCBA1-358D-4590-85B1-4C82C6C631E9}.Release|Any CPU.Build.0 = Release|Any CPU
	EndGlobalSection
	GlobalSection(SolutionProperties) = preSolution
		HideSolutionNode = FALSE
	EndGlobalSection
	GlobalSection(ExtensibilityGlobals) = postSolution
		SolutionGuid = {C938A585-17C1-41F1-8E76-C8C9B71749E9}
	EndGlobalSection
EndGlobal
